{
  "nodes": {
    "nixpkgs": {
      "locked": {
        "lastModified": 1598456342,
        "narHash": "sha256-ZGooL/Vec1+VzDpJp7Y7crDIeGSWPu4kx5UIcNdc9hc=",
        "owner": "NixOS",
        "repo": "nixpkgs",
        "rev": "386a4edc86d4aa273de5e3e0f95a551f949f5775",
        "type": "github"
      },
      "original": {
        "owner": "NixOS",
        "ref": "master",
        "repo": "nixpkgs",
        "type": "github"
      }
    },
    "root": {
      "inputs": {
        "nixpkgs": "nixpkgs"
      }
    }
  },
  "root": "root",
  "version": 7
}
